github.com/BurntSushi/toml v0.3.1 h1:WXkYYl6Yr3qBf1K79EBnL4mak0OimBfB0XUf9Vl28OQ=
github.com/BurntSushi/toml v0.3.1/go.mod h1:xHWCNGjB5oqiDr8zfno3MHue2Ht5sIBksp03qcyfWMU=
github.com/bitly/go-simplejson v0.5.0 h1:6IH+V8/tVMab511d5bn4M7EwGXZf9Hj6i2xSwkNEM+Y=
github.com/bitly/go-simplejson v0.5.0/go.mod h1:cXHtHw4XUPsvGaxgjIAn8PhEWG9NfngEKAMDJEczWVA=
github.com/dgrijalva/jwt-go v3.2.0+incompatible h1:7qlOGliEKZXTDg6OTjfoBKDXWrumCAMpl/TFQ4/5kLM=
github.com/dgrijalva/jwt-go v3.2.0+incompatible/go.mod h1:E3ru+11k8xSBh+hMPgOLZmtrrCbhqsmaPHjLKYnJCaQ=
github.com/fatih/camelcase v1.0.0 h1:hxNvNX/xYBp0ovncs8WyWZrOrpBNub/JfaMvbURyft8=
github.com/fatih/camelcase v1.0.0/go.mod h1:yN2Sb0lFhZJUdVvtELVWefmrXpuZESvPmqwoZc+/fpc=
github.com/fatih/structs v1.0.0 h1:BrX964Rv5uQ3wwS+KRUAJCBBw5PQmgJfJ6v4yly5QwU=
github.com/fatih/structs v1.0.0/go.mod h1:9NiDSp5zOcgEDl+j00MP/WkGVPOlPRLejGD8Ga6PJ7M=
github.com/gin-contrib/cors v0.0.0-20180828005559-6653abe07894 h1:zRNg3TgLFjEwzD+6UbUSKGLWn7tFa2uclGS8tA8xgJk=
github.com/gin-contrib/cors v0.0.0-20180828005559-6653abe07894/go.mod h1:cw+u9IsAkC16e42NtYYVCLsHYXE98nB3M7Dr9mLSeH4=
github.com/gin-contrib/sse v0.0.0-20170109093832-22d885f9ecc7 h1:AzN37oI0cOS+cougNAV9szl6CVoj2RYwzS3DpUQNtlY=
github.com/gin-contrib/sse v0.0.0-20170109093832-22d885f9ecc7/go.mod h1:VJ0WA2NBN22VlZ2dKZQPAPnyWw5XTlK1KymzLKsr59s=
github.com/gin-gonic/gin v1.3.0 h1:kCmZyPklC0gVdL728E6Aj20uYBJV93nj/TkwBTKhFbs=
github.com/gin-gonic/gin v1.3.0/go.mod h1:7cKuhb5qV2ggCFctp2fJQ+ErvciLZrIeoOSOm6mUr7Y=
github.com/go-sql-driver/mysql v1.4.0 h1:7LxgVwFb2hIQtMm87NdgAVfXjnt4OePseqT1tKx+opk=
github.com/go-sql-driver/mysql v1.4.0/go.mod h1:zAC/RDZ24gD3HViQzih4MyKcchzm+sOG5ZlKdlhCg5w=
github.com/golang/protobuf v1.2.0 h1:P3YflyNX/ehuJFLhxviNdFxQPkGK5cDcApsge1SqnvM=
github.com/golang/protobuf v1.2.0/go.mod h1:6lQm79b+lXiMfvg/cZm0SGofjICqVBUtrP5yJMmIC1U=
github.com/google/uuid v1.0.0 h1:b4Gk+7WdP/d3HZH8EJsZpvV7EtDOgaZLtnaNGIu1adA=
github.com/google/uuid v1.0.0/go.mod h1:TIyPZe4MgqvfeYDBFedMoGGpEw/LqOeaOT+nhxU+yHo=
github.com/gorilla/websocket v1.4.0 h1:WDFjx/TMzVgy9VdMMQi2K2Emtwi2QcUQsztZ/zLaH/Q=
github.com/gorilla/websocket v1.4.0/go.mod h1:E7qHFY5m1UJ88s3WnNqhKjPHQ0heANvMoAMk2YaljkQ=
github.com/jinzhu/gorm v1.9.1 h1:lDSDtsCt5AGGSKTs8AHlSDbbgif4G4+CKJ8ETBDVHTA=
github.com/jinzhu/gorm v1.9.1/go.mod h1:Vla75njaFJ8clLU1W44h34PjIkijhjHIYnZxMqCdxqo=
github.com/jinzhu/inflection v0.0.0-20180308033659-04140366298a h1:eeaG9XMUvRBYXJi4pg1ZKM7nxc5AfXfojeLLW7O5J3k=
github.com/jinzhu/inflection v0.0.0-20180308033659-04140366298a/go.mod h1:h+uFLlag+Qp1Va5pdKtLDYj+kHp5pxUVkryuEj+Srlc=
github.com/koding/multiconfig v0.0.0-20171124222453-69c27309b2d7 h1:SWlt7BoQNASbhTUD0Oy5yysI2seJ7vWuGUp///OM4TM=
github.com/koding/multiconfig v0.0.0-20171124222453-69c27309b2d7/go.mod h1:Y2SaZf2Rzd0pXkLVhLlCiAXFCLSXAIbTKDivVgff/AM=
github.com/leek-box/GoEx v0.0.0-20180910134824-a6b61ffa5970 h1:ilWSJAlFcXVwhSpSF3egeYaEyQFhHZaN6aqZOmO8cxE=
github.com/leek-box/GoEx v0.0.0-20180910134824-a6b61ffa5970/go.mod h1:3quf1KDy5eGHlzAJoTFpSBL3USsHn7g5Lc/S1VHeVxk=
github.com/leek-box/sheep v0.0.0-20180901040650-72c7e6cacfcd h1:4PDjvCTE58NKLJBWtb1/ykBwUrvN+zpZr9cPCQEt7eE=
github.com/leek-box/sheep v0.0.0-20180901040650-72c7e6cacfcd/go.mod h1:KrJw5OE8FOEp24ZoKSOa4f19RTwVg/9hPuAHKWxzA6s=
github.com/leizongmin/huobiapi v1.0.6 h1:U8xCozn5lSIrn37nW96fTjA0xMDuRTrCmIxblCOHUHE=
github.com/leizongmin/huobiapi v1.0.6/go.mod h1:RAoP+pk1mjxD35lvhUc6xGrccpeKCmHVYGeAYgpFKgI=
github.com/mattn/go-isatty v0.0.4 h1:bnP0vzxcAdeI1zdubAl5PjU6zsERjGZb7raWodagDYs=
github.com/mattn/go-isatty v0.0.4/go.mod h1:M+lRXTBqGeGNdLjl/ufCoiOlB5xdOkqRJdNxMWT7Zi4=
github.com/nntaoli-project/GoEx v0.0.0-20181107090409-f0b92a441abf h1:ysA3sOX3fJHbf8n/QbW84IQtSHUsANJU0XfhrPC1boc=
github.com/nntaoli-project/GoEx v0.0.0-20181107090409-f0b92a441abf/go.mod h1:ze3baaMG59EjqNH5kLe2GyYprfs27Ch30Xl+PTQe014=
github.com/pkg/errors v0.8.0 h1:WdK/asTD0HN+q6hsWO3/vpuAkAr+tw6aNJNDFFf0+qw=
github.com/pkg/errors v0.8.0/go.mod h1:bwawxfHBFNV+L2hUp1rHADufV3IMtnDRdf1r5NINEl0=
github.com/ugorji/go/codec v0.0.0-20180831062425-e253f1f20942 h1:CZORS/4d6i+5FKSAtbRIjlElV2BAFYv/bokcaEVUimQ=
github.com/ugorji/go/codec v0.0.0-20180831062425-e253f1f20942/go.mod h1:VFNgLljTbGfSG7qAOspJ7OScBnGdDN/yBr0sguwnwf0=
gopkg.in/check.v1 v0.0.0-20161208181325-20d25e280405/go.mod h1:Co6ibVJAznAaIkqp8huTwlJQCZ016jof/cbN4VW5Yz0=
gopkg.in/go-playground/validator.v8 v8.18.2 h1:lFB4DoMU6B626w8ny76MV7VX6W2VHct2GVOI3xgiMrQ=
gopkg.in/go-playground/validator.v8 v8.18.2/go.mod h1:RX2a/7Ha8BgOhfk7j780h4/u/RRjR0eouCJSH80/M2Y=
gopkg.in/yaml.v2 v2.2.1 h1:mUhvW9EsL+naU5Q3cakzfE91YhliOondGd6ZrsDBHQE=
gopkg.in/yaml.v2 v2.2.1/go.mod h1:hI93XBmqTisBFMUTm0b8Fm+jr3Dg1NNxqwp+5A1VGuI=
